{
  "name": "test-async-wp",
  "version": "0.0.1",
  "lockfileVersion": 1,
  "requires": true,
  "dependencies": {
    "@capacitor/core": {
      "version": "1.2.1",
      "resolved": "https://registry.npmjs.org/@capacitor/core/-/core-1.2.1.tgz",
      "integrity": "sha512-SHuEaNTZHVPW2mPdxtin7TMWa71p3T+1xwSwR1tgIAIwmCrjhlyNFXq9czQ8btOyYhTG9n9xVgGPi8wZo5Q2vA==",
      "requires": {
        "tslib": "^1.9.0"
      }
    },
    "@stencil/core": {
      "version": "1.5.4",
      "resolved": "https://registry.npmjs.org/@stencil/core/-/core-1.5.4.tgz",
      "integrity": "sha512-DReXOvKYr34b0uzg/AncMAnSP99QvS2Zj+VQ8WcZSy+UMLCzUm5myU4cXaw/ToUrlwnjr2sjOzmnIBRUfiQ2qg==",
      "dev": true,
      "requires": {
        "typescript": "3.6.3"
      }
    },
    "@types/googlemaps": {
      "version": "3.37.7",
      "resolved": "https://registry.npmjs.org/@types/googlemaps/-/googlemaps-3.37.7.tgz",
      "integrity": "sha512-a+mvO0PHHBmvojRAKEo81MYnG8JlZScDoguVHqMi/myfrJIF1KmcSNVyMi6Y5BG/skgLpFJM37nl+hwHNGb3ig==",
      "dev": true
    },
    "tslib": {
      "version": "1.10.0",
      "resolved": "https://registry.npmjs.org/tslib/-/tslib-1.10.0.tgz",
      "integrity": "sha512-qOebF53frne81cf0S9B41ByenJ3/IuH8yJKngAX35CmiZySA0khhkovshKK+jGCaMnVomla7gVlIcc3EvKPbTQ=="
    },
    "typescript": {
      "version": "3.6.3",
      "resolved": "https://registry.npmjs.org/typescript/-/typescript-3.6.3.tgz",
      "integrity": "sha512-N7bceJL1CtRQ2RiG0AQME13ksR7DiuQh/QehubYcghzv20tnh+MQnQIuJddTmsbqYj+dztchykemz0zFzlvdQw==",
      "dev": true
    }
  }
}
